
Microsoft Visual Studio Solution File, Format Version 12.00
# Visual Studio Version 17
VisualStudioVersion = 17.7.34031.279
MinimumVisualStudioVersion = 10.0.40219.1
Project("{FAE04EC0-301F-11D3-BF4B-00C04F79EFBC}") = "Task02", "Task02\Task02.csproj", "{B09F3BD3-B34C-477E-A2E8-A139FD3893D4}"
EndProject
Global
	GlobalSection(SolutionConfigurationPlatforms) = preSolution
		Debug|Any CPU = Debug|Any CPU
		Release|Any CPU = Release|Any CPU
	EndGlobalSection
	GlobalSection(ProjectConfigurationPlatforms) = postSolution
		{B09F3BD3-B34C-477E-A2E8-A139FD3893D4}.Debug|Any CPU.ActiveCfg = Debug|Any CPU
		{B09F3BD3-B34C-477E-A2E8-A139FD3893D4}.Debug|Any CPU.Build.0 = Debug|Any CPU
		{B09F3BD3-B34C-477E-A2E8-A139FD3893D4}.Release|Any CPU.ActiveCfg = Release|Any CPU
		{B09F3BD3-B34C-477E-A2E8-A139FD3893D4}.Release|Any CPU.Build.0 = Release|Any CPU
	EndGlobalSection
	GlobalSection(SolutionProperties) = preSolution
		HideSolutionNode = FALSE
	EndGlobalSection
	GlobalSection(ExtensibilityGlobals) = postSolution
		SolutionGuid = {F588FD84-5C13-4C99-8D85-6C2540644C28}
	EndGlobalSection
EndGlobal
