
Microsoft Visual Studio Solution File, Format Version 12.00
# Visual Studio Version 17
VisualStudioVersion = 17.7.34031.279
MinimumVisualStudioVersion = 10.0.40219.1
Project("{FAE04EC0-301F-11D3-BF4B-00C04F79EFBC}") = "Task01", "Task01\Task01.csproj", "{A0C1C1F6-554F-415F-9EA2-933D24214629}"
EndProject
Global
	GlobalSection(SolutionConfigurationPlatforms) = preSolution
		Debug|Any CPU = Debug|Any CPU
		Release|Any CPU = Release|Any CPU
	EndGlobalSection
	GlobalSection(ProjectConfigurationPlatforms) = postSolution
		{A0C1C1F6-554F-415F-9EA2-933D24214629}.Debug|Any CPU.ActiveCfg = Debug|Any CPU
		{A0C1C1F6-554F-415F-9EA2-933D24214629}.Debug|Any CPU.Build.0 = Debug|Any CPU
		{A0C1C1F6-554F-415F-9EA2-933D24214629}.Release|Any CPU.ActiveCfg = Release|Any CPU
		{A0C1C1F6-554F-415F-9EA2-933D24214629}.Release|Any CPU.Build.0 = Release|Any CPU
	EndGlobalSection
	GlobalSection(SolutionProperties) = preSolution
		HideSolutionNode = FALSE
	EndGlobalSection
	GlobalSection(ExtensibilityGlobals) = postSolution
		SolutionGuid = {8961F3EF-6FFC-412E-B939-83BAB4F2050D}
	EndGlobalSection
EndGlobal
